
Microsoft Visual Studio Solution File, Format Version 12.00
# Visual Studio 14
VisualStudioVersion = 14.0.25123.0
MinimumVisualStudioVersion = 10.0.40219.1
Project("{FAE04EC0-301F-11D3-BF4B-00C04F79EFBC}") = "LightDataInterface", "LightDataInterface\LightDataInterface.csproj", "{A325B54B-8D02-4925-9600-C24D2A138722}"
EndProject
Project("{FAE04EC0-301F-11D3-BF4B-00C04F79EFBC}") = "LightDataInterface.EntityFramework", "LightDataInterface.EntityFramework\LightDataInterface.EntityFramework.csproj", "{F406AA4F-7C0E-457C-809B-F9736BD97E2C}"
EndProject
Project("{2150E333-8FDC-42A3-9474-1A3956D46DE8}") = "Tests", "Tests", "{3FEEA467-0E5D-44AD-8ECA-1F8E66BEDF04}"
EndProject
Project("{FAE04EC0-301F-11D3-BF4B-00C04F79EFBC}") = "LightDataInterface.EntityFramework.Test", "Tests\LightDataInterface.EntityFramework.Test\LightDataInterface.EntityFramework.Test.csproj", "{E539ADBE-475F-4FE1-B75F-AC8F2E4230C6}"
EndProject
Global
	GlobalSection(SolutionConfigurationPlatforms) = preSolution
		Debug|Any CPU = Debug|Any CPU
		Release|Any CPU = Release|Any CPU
	EndGlobalSection
	GlobalSection(ProjectConfigurationPlatforms) = postSolution
		{A325B54B-8D02-4925-9600-C24D2A138722}.Debug|Any CPU.ActiveCfg = Debug|Any CPU
		{A325B54B-8D02-4925-9600-C24D2A138722}.Debug|Any CPU.Build.0 = Debug|Any CPU
		{A325B54B-8D02-4925-9600-C24D2A138722}.Release|Any CPU.ActiveCfg = Release|Any CPU
		{A325B54B-8D02-4925-9600-C24D2A138722}.Release|Any CPU.Build.0 = Release|Any CPU
		{F406AA4F-7C0E-457C-809B-F9736BD97E2C}.Debug|Any CPU.ActiveCfg = Debug|Any CPU
		{F406AA4F-7C0E-457C-809B-F9736BD97E2C}.Debug|Any CPU.Build.0 = Debug|Any CPU
		{F406AA4F-7C0E-457C-809B-F9736BD97E2C}.Release|Any CPU.ActiveCfg = Release|Any CPU
		{F406AA4F-7C0E-457C-809B-F9736BD97E2C}.Release|Any CPU.Build.0 = Release|Any CPU
		{E539ADBE-475F-4FE1-B75F-AC8F2E4230C6}.Debug|Any CPU.ActiveCfg = Debug|Any CPU
		{E539ADBE-475F-4FE1-B75F-AC8F2E4230C6}.Debug|Any CPU.Build.0 = Debug|Any CPU
		{E539ADBE-475F-4FE1-B75F-AC8F2E4230C6}.Release|Any CPU.ActiveCfg = Release|Any CPU
		{E539ADBE-475F-4FE1-B75F-AC8F2E4230C6}.Release|Any CPU.Build.0 = Release|Any CPU
	EndGlobalSection
	GlobalSection(SolutionProperties) = preSolution
		HideSolutionNode = FALSE
	EndGlobalSection
	GlobalSection(NestedProjects) = preSolution
		{E539ADBE-475F-4FE1-B75F-AC8F2E4230C6} = {3FEEA467-0E5D-44AD-8ECA-1F8E66BEDF04}
	EndGlobalSection
EndGlobal
